
Microsoft Visual Studio Solution File, Format Version 12.00
# Visual Studio Version 16
VisualStudioVersion = 16.0.29409.12
MinimumVisualStudioVersion = 10.0.40219.1
Project("{FAE04EC0-301F-11D3-BF4B-00C04F79EFBC}") = "mcustore", "mcustore\mcustore.csproj", "{AEC1F857-1911-4C98-8B62-76F5F3C04AC4}"
EndProject
Global
	GlobalSection(SolutionConfigurationPlatforms) = preSolution
		Debug|Any CPU = Debug|Any CPU
		Release|Any CPU = Release|Any CPU
	EndGlobalSection
	GlobalSection(ProjectConfigurationPlatforms) = postSolution
		{AEC1F857-1911-4C98-8B62-76F5F3C04AC4}.Debug|Any CPU.ActiveCfg = Debug|Any CPU
		{AEC1F857-1911-4C98-8B62-76F5F3C04AC4}.Debug|Any CPU.Build.0 = Debug|Any CPU
		{AEC1F857-1911-4C98-8B62-76F5F3C04AC4}.Release|Any CPU.ActiveCfg = Release|Any CPU
		{AEC1F857-1911-4C98-8B62-76F5F3C04AC4}.Release|Any CPU.Build.0 = Release|Any CPU
	EndGlobalSection
	GlobalSection(SolutionProperties) = preSolution
		HideSolutionNode = FALSE
	EndGlobalSection
	GlobalSection(ExtensibilityGlobals) = postSolution
		SolutionGuid = {841F3FD3-CDA3-4BE1-8DA1-F347DEF11204}
	EndGlobalSection
EndGlobal
